
Microsoft Visual Studio Solution File, Format Version 12.00
# Visual Studio Version 17
VisualStudioVersion = 17.5.2.0
MinimumVisualStudioVersion = 10.0.40219.1
Project("{FAE04EC0-301F-11D3-BF4B-00C04F79EFBC}") = "Biblioteka.Web", "Biblioteka.Web\Biblioteka.Web.csproj", "{9D6F4542-AB5F-EE54-EF41-8E93C60F20A6}"
EndProject
Project("{FAE04EC0-301F-11D3-BF4B-00C04F79EFBC}") = "Biblioteka.Tests", "Biblioteka.Tests\Biblioteka.Tests.csproj", "{BB119470-525A-4837-9F74-DF756F33E8BA}"
EndProject
Global
	GlobalSection(SolutionConfigurationPlatforms) = preSolution
		Debug|Any CPU = Debug|Any CPU
		Debug|x64 = Debug|x64
		Debug|x86 = Debug|x86
		Release|Any CPU = Release|Any CPU
		Release|x64 = Release|x64
		Release|x86 = Release|x86
	EndGlobalSection
	GlobalSection(ProjectConfigurationPlatforms) = postSolution
		{9D6F4542-AB5F-EE54-EF41-8E93C60F20A6}.Debug|Any CPU.ActiveCfg = Debug|Any CPU
		{9D6F4542-AB5F-EE54-EF41-8E93C60F20A6}.Debug|Any CPU.Build.0 = Debug|Any CPU
		{9D6F4542-AB5F-EE54-EF41-8E93C60F20A6}.Debug|x64.ActiveCfg = Debug|Any CPU
		{9D6F4542-AB5F-EE54-EF41-8E93C60F20A6}.Debug|x64.Build.0 = Debug|Any CPU
		{9D6F4542-AB5F-EE54-EF41-8E93C60F20A6}.Debug|x86.ActiveCfg = Debug|Any CPU
		{9D6F4542-AB5F-EE54-EF41-8E93C60F20A6}.Debug|x86.Build.0 = Debug|Any CPU
		{9D6F4542-AB5F-EE54-EF41-8E93C60F20A6}.Release|Any CPU.ActiveCfg = Release|Any CPU
		{9D6F4542-AB5F-EE54-EF41-8E93C60F20A6}.Release|Any CPU.Build.0 = Release|Any CPU
		{9D6F4542-AB5F-EE54-EF41-8E93C60F20A6}.Release|x64.ActiveCfg = Release|Any CPU
		{9D6F4542-AB5F-EE54-EF41-8E93C60F20A6}.Release|x64.Build.0 = Release|Any CPU
		{9D6F4542-AB5F-EE54-EF41-8E93C60F20A6}.Release|x86.ActiveCfg = Release|Any CPU
		{9D6F4542-AB5F-EE54-EF41-8E93C60F20A6}.Release|x86.Build.0 = Release|Any CPU
		{BB119470-525A-4837-9F74-DF756F33E8BA}.Debug|Any CPU.ActiveCfg = Debug|Any CPU
		{BB119470-525A-4837-9F74-DF756F33E8BA}.Debug|Any CPU.Build.0 = Debug|Any CPU
		{BB119470-525A-4837-9F74-DF756F33E8BA}.Debug|x64.ActiveCfg = Debug|Any CPU
		{BB119470-525A-4837-9F74-DF756F33E8BA}.Debug|x64.Build.0 = Debug|Any CPU
		{BB119470-525A-4837-9F74-DF756F33E8BA}.Debug|x86.ActiveCfg = Debug|Any CPU
		{BB119470-525A-4837-9F74-DF756F33E8BA}.Debug|x86.Build.0 = Debug|Any CPU
		{BB119470-525A-4837-9F74-DF756F33E8BA}.Release|Any CPU.ActiveCfg = Release|Any CPU
		{BB119470-525A-4837-9F74-DF756F33E8BA}.Release|Any CPU.Build.0 = Release|Any CPU
		{BB119470-525A-4837-9F74-DF756F33E8BA}.Release|x64.ActiveCfg = Release|Any CPU
		{BB119470-525A-4837-9F74-DF756F33E8BA}.Release|x64.Build.0 = Release|Any CPU
		{BB119470-525A-4837-9F74-DF756F33E8BA}.Release|x86.ActiveCfg = Release|Any CPU
		{BB119470-525A-4837-9F74-DF756F33E8BA}.Release|x86.Build.0 = Release|Any CPU
	EndGlobalSection
	GlobalSection(SolutionProperties) = preSolution
		HideSolutionNode = FALSE
	EndGlobalSection
	GlobalSection(ExtensibilityGlobals) = postSolution
		SolutionGuid = {7D4349D8-E937-4BBB-B01C-165E7EEEF822}
	EndGlobalSection
EndGlobal
