Microsoft Visual Studio Solution File, Format Version 12.00
# Visual Studio Version 17
VisualStudioVersion = 17.5.2.0
MinimumVisualStudioVersion = 10.0.40219.1
Project("{FAE04EC0-301F-11D3-BF4B-00C04F79EFBC}") = "Biblioteka.Web", "Biblioteka.Web.csproj", "{40C1D941-FD85-E843-8FE3-FD93D6869C61}"
EndProject
Global
	GlobalSection(SolutionConfigurationPlatforms) = preSolution
		Debug|Any CPU = Debug|Any CPU
		Release|Any CPU = Release|Any CPU
	EndGlobalSection
	GlobalSection(ProjectConfigurationPlatforms) = postSolution
		{40C1D941-FD85-E843-8FE3-FD93D6869C61}.Debug|Any CPU.ActiveCfg = Debug|Any CPU
		{40C1D941-FD85-E843-8FE3-FD93D6869C61}.Debug|Any CPU.Build.0 = Debug|Any CPU
		{40C1D941-FD85-E843-8FE3-FD93D6869C61}.Release|Any CPU.ActiveCfg = Release|Any CPU
		{40C1D941-FD85-E843-8FE3-FD93D6869C61}.Release|Any CPU.Build.0 = Release|Any CPU
	EndGlobalSection
	GlobalSection(SolutionProperties) = preSolution
		HideSolutionNode = FALSE
	EndGlobalSection
	GlobalSection(ExtensibilityGlobals) = postSolution
		SolutionGuid = {B968965D-8810-4E72-8F4B-37A67B36594A}
	EndGlobalSection
EndGlobal
